
Microsoft Visual Studio Solution File, Format Version 12.00
# Visual Studio Version 16
VisualStudioVersion = 16.0.30011.22
MinimumVisualStudioVersion = 10.0.40219.1
Project("{FAE04EC0-301F-11D3-BF4B-00C04F79EFBC}") = "ReverseEngineeringDb", "ReverseEngineeringDb\ReverseEngineeringDb.csproj", "{533634AA-F177-44C6-9F71-0ABCFE1E4094}"
EndProject
Global
	GlobalSection(SolutionConfigurationPlatforms) = preSolution
		Debug|Any CPU = Debug|Any CPU
		Release|Any CPU = Release|Any CPU
	EndGlobalSection
	GlobalSection(ProjectConfigurationPlatforms) = postSolution
		{533634AA-F177-44C6-9F71-0ABCFE1E4094}.Debug|Any CPU.ActiveCfg = Debug|Any CPU
		{533634AA-F177-44C6-9F71-0ABCFE1E4094}.Debug|Any CPU.Build.0 = Debug|Any CPU
		{533634AA-F177-44C6-9F71-0ABCFE1E4094}.Release|Any CPU.ActiveCfg = Release|Any CPU
		{533634AA-F177-44C6-9F71-0ABCFE1E4094}.Release|Any CPU.Build.0 = Release|Any CPU
	EndGlobalSection
	GlobalSection(SolutionProperties) = preSolution
		HideSolutionNode = FALSE
	EndGlobalSection
	GlobalSection(ExtensibilityGlobals) = postSolution
		SolutionGuid = {097EA9B0-5282-4C7B-B4D2-41156356FF59}
	EndGlobalSection
EndGlobal
